
Microsoft Visual Studio Solution File, Format Version 12.00
Project("{FAE04EC0-301F-11D3-BF4B-00C04F79EFBC}") = "STANKOVIC_Adrien_TP3_ST2TRD", "STANKOVIC_Adrien_TP3_ST2TRD\STANKOVIC_Adrien_TP3_ST2TRD.csproj", "{C854C91E-388C-46A2-8FEC-EC00CBB869C6}"
EndProject
Global
	GlobalSection(SolutionConfigurationPlatforms) = preSolution
		Debug|Any CPU = Debug|Any CPU
		Release|Any CPU = Release|Any CPU
	EndGlobalSection
	GlobalSection(ProjectConfigurationPlatforms) = postSolution
		{C854C91E-388C-46A2-8FEC-EC00CBB869C6}.Debug|Any CPU.ActiveCfg = Debug|Any CPU
		{C854C91E-388C-46A2-8FEC-EC00CBB869C6}.Debug|Any CPU.Build.0 = Debug|Any CPU
		{C854C91E-388C-46A2-8FEC-EC00CBB869C6}.Release|Any CPU.ActiveCfg = Release|Any CPU
		{C854C91E-388C-46A2-8FEC-EC00CBB869C6}.Release|Any CPU.Build.0 = Release|Any CPU
	EndGlobalSection
EndGlobal
